// !$*UTF8*$!
{
	archiveVersion = 1;
	classes = {
	};
	objectVersion = 50;
	objects = {

/* Begin PBXBuildFile section */
		2727B09A2526432F000E85D2 /* AppDelegate.swift in Sources */ = {isa = PBXBuildFile; fileRef = 2727B0992526432F000E85D2 /* AppDelegate.swift */; };
		2727B0A12526432F000E85D2 /* Main.storyboard in Resources */ = {isa = PBXBuildFile; fileRef = 2727B09F2526432F000E85D2 /* Main.storyboard */; };
		2727B0A325264331000E85D2 /* Assets.xcassets in Resources */ = {isa = PBXBuildFile; fileRef = 2727B0A225264331000E85D2 /* Assets.xcassets */; };
		2727B0A625264331000E85D2 /* LaunchScreen.storyboard in Resources */ = {isa = PBXBuildFile; fileRef = 2727B0A425264331000E85D2 /* LaunchScreen.storyboard */; };
		2727B0B125264331000E85D2 /* QuizAppTests.swift in Sources */ = {isa = PBXBuildFile; fileRef = 2727B0B025264331000E85D2 /* QuizAppTests.swift */; };
		2727B0BC25264331000E85D2 /* QuizAppUITests.swift in Sources */ = {isa = PBXBuildFile; fileRef = 2727B0BB25264331000E85D2 /* QuizAppUITests.swift */; };
		2727B0E925264A77000E85D2 /* Category.swift in Sources */ = {isa = PBXBuildFile; fileRef = 2727B0E825264A77000E85D2 /* Category.swift */; };
		2727B0EE25264AF6000E85D2 /* Question.swift in Sources */ = {isa = PBXBuildFile; fileRef = 2727B0ED25264AF6000E85D2 /* Question.swift */; };
		2727B0F325264B33000E85D2 /* Difficulty.swift in Sources */ = {isa = PBXBuildFile; fileRef = 2727B0F225264B33000E85D2 /* Difficulty.swift */; };
		2727B0F825264BC7000E85D2 /* QuestionType.swift in Sources */ = {isa = PBXBuildFile; fileRef = 2727B0F725264BC7000E85D2 /* QuestionType.swift */; };
		2727B0FD25264C09000E85D2 /* ResponseCode.swift in Sources */ = {isa = PBXBuildFile; fileRef = 2727B0FC25264C09000E85D2 /* ResponseCode.swift */; };
		2727B102252652E6000E85D2 /* Token.swift in Sources */ = {isa = PBXBuildFile; fileRef = 2727B101252652E6000E85D2 /* Token.swift */; };
		2727B107252653CC000E85D2 /* NetworkController.swift in Sources */ = {isa = PBXBuildFile; fileRef = 2727B106252653CC000E85D2 /* NetworkController.swift */; };
		2727B11A25267E0D000E85D2 /* DataResult.swift in Sources */ = {isa = PBXBuildFile; fileRef = 2727B11925267E0D000E85D2 /* DataResult.swift */; };
		2727B11F252763B7000E85D2 /* QuestionView.swift in Sources */ = {isa = PBXBuildFile; fileRef = 2727B11E252763B7000E85D2 /* QuestionView.swift */; };
		2727B124252763C1000E85D2 /* AnswerView.swift in Sources */ = {isa = PBXBuildFile; fileRef = 2727B123252763C1000E85D2 /* AnswerView.swift */; };
		2727B129252763D0000E85D2 /* TimerView.swift in Sources */ = {isa = PBXBuildFile; fileRef = 2727B128252763D0000E85D2 /* TimerView.swift */; };
		2741025625276746000958D8 /* CategoryViewController.swift in Sources */ = {isa = PBXBuildFile; fileRef = 2741025525276746000958D8 /* CategoryViewController.swift */; };
		2741025B25276783000958D8 /* QuestionViewController.swift in Sources */ = {isa = PBXBuildFile; fileRef = 2741025A25276783000958D8 /* QuestionViewController.swift */; };
		27410260252767C2000958D8 /* TriviaNavigationController.swift in Sources */ = {isa = PBXBuildFile; fileRef = 2741025F252767C2000958D8 /* TriviaNavigationController.swift */; };
		2741026825276E90000958D8 /* CategoryDataResult.swift in Sources */ = {isa = PBXBuildFile; fileRef = 2741026725276E90000958D8 /* CategoryDataResult.swift */; };
		2749F7E82527D29800380291 /* ResultsViewController.swift in Sources */ = {isa = PBXBuildFile; fileRef = 2749F7E72527D29800380291 /* ResultsViewController.swift */; };
		2749F7ED2528B4C200380291 /* Answer.swift in Sources */ = {isa = PBXBuildFile; fileRef = 2749F7EC2528B4C200380291 /* Answer.swift */; };
		2749F7F52528CA9C00380291 /* Result.swift in Sources */ = {isa = PBXBuildFile; fileRef = 2749F7F42528CA9C00380291 /* Result.swift */; };
		2749F7FB2528CDBC00380291 /* ResultDetailsViewController.swift in Sources */ = {isa = PBXBuildFile; fileRef = 2749F7FA2528CDBC00380291 /* ResultDetailsViewController.swift */; };
/* End PBXBuildFile section */

/* Begin PBXContainerItemProxy section */
		2727B0AD25264331000E85D2 /* PBXContainerItemProxy */ = {
			isa = PBXContainerItemProxy;
			containerPortal = 2727B08E2526432F000E85D2 /* Project object */;
			proxyType = 1;
			remoteGlobalIDString = 2727B0952526432F000E85D2;
			remoteInfo = QuizApp;
		};
		2727B0B825264331000E85D2 /* PBXContainerItemProxy */ = {
			isa = PBXContainerItemProxy;
			containerPortal = 2727B08E2526432F000E85D2 /* Project object */;
			proxyType = 1;
			remoteGlobalIDString = 2727B0952526432F000E85D2;
			remoteInfo = QuizApp;
		};
/* End PBXContainerItemProxy section */

/* Begin PBXFileReference section */
		2727B0962526432F000E85D2 /* QuizApp.app */ = {isa = PBXFileReference; explicitFileType = wrapper.application; includeInIndex = 0; path = QuizApp.app; sourceTree = BUILT_PRODUCTS_DIR; };
		2727B0992526432F000E85D2 /* AppDelegate.swift */ = {isa = PBXFileReference; lastKnownFileType = sourcecode.swift; path = AppDelegate.swift; sourceTree = "<group>"; };
		2727B0A02526432F000E85D2 /* Base */ = {isa = PBXFileReference; lastKnownFileType = file.storyboard; name = Base; path = Base.lproj/Main.storyboard; sourceTree = "<group>"; };
		2727B0A225264331000E85D2 /* Assets.xcassets */ = {isa = PBXFileReference; lastKnownFileType = folder.assetcatalog; path = Assets.xcassets; sourceTree = "<group>"; };
		2727B0A525264331000E85D2 /* Base */ = {isa = PBXFileReference; lastKnownFileType = file.storyboard; name = Base; path = Base.lproj/LaunchScreen.storyboard; sourceTree = "<group>"; };
		2727B0A725264331000E85D2 /* Info.plist */ = {isa = PBXFileReference; lastKnownFileType = text.plist.xml; path = Info.plist; sourceTree = "<group>"; };
		2727B0AC25264331000E85D2 /* QuizAppTests.xctest */ = {isa = PBXFileReference; explicitFileType = wrapper.cfbundle; includeInIndex = 0; path = QuizAppTests.xctest; sourceTree = BUILT_PRODUCTS_DIR; };
		2727B0B025264331000E85D2 /* QuizAppTests.swift */ = {isa = PBXFileReference; lastKnownFileType = sourcecode.swift; path = QuizAppTests.swift; sourceTree = "<group>"; };
		2727B0B225264331000E85D2 /* Info.plist */ = {isa = PBXFileReference; lastKnownFileType = text.plist.xml; path = Info.plist; sourceTree = "<group>"; };
		2727B0B725264331000E85D2 /* QuizAppUITests.xctest */ = {isa = PBXFileReference; explicitFileType = wrapper.cfbundle; includeInIndex = 0; path = QuizAppUITests.xctest; sourceTree = BUILT_PRODUCTS_DIR; };
		2727B0BB25264331000E85D2 /* QuizAppUITests.swift */ = {isa = PBXFileReference; lastKnownFileType = sourcecode.swift; path = QuizAppUITests.swift; sourceTree = "<group>"; };
		2727B0BD25264331000E85D2 /* Info.plist */ = {isa = PBXFileReference; lastKnownFileType = text.plist.xml; path = Info.plist; sourceTree = "<group>"; };
		2727B0E825264A77000E85D2 /* Category.swift */ = {isa = PBXFileReference; lastKnownFileType = sourcecode.swift; path = Category.swift; sourceTree = "<group>"; };
		2727B0ED25264AF6000E85D2 /* Question.swift */ = {isa = PBXFileReference; lastKnownFileType = sourcecode.swift; path = Question.swift; sourceTree = "<group>"; };
		2727B0F225264B33000E85D2 /* Difficulty.swift */ = {isa = PBXFileReference; lastKnownFileType = sourcecode.swift; path = Difficulty.swift; sourceTree = "<group>"; };
		2727B0F725264BC7000E85D2 /* QuestionType.swift */ = {isa = PBXFileReference; lastKnownFileType = sourcecode.swift; path = QuestionType.swift; sourceTree = "<group>"; };
		2727B0FC25264C09000E85D2 /* ResponseCode.swift */ = {isa = PBXFileReference; lastKnownFileType = sourcecode.swift; path = ResponseCode.swift; sourceTree = "<group>"; };
		2727B101252652E6000E85D2 /* Token.swift */ = {isa = PBXFileReference; lastKnownFileType = sourcecode.swift; path = Token.swift; sourceTree = "<group>"; };
		2727B106252653CC000E85D2 /* NetworkController.swift */ = {isa = PBXFileReference; lastKnownFileType = sourcecode.swift; path = NetworkController.swift; sourceTree = "<group>"; };
		2727B11925267E0D000E85D2 /* DataResult.swift */ = {isa = PBXFileReference; lastKnownFileType = sourcecode.swift; path = DataResult.swift; sourceTree = "<group>"; };
		2727B11E252763B7000E85D2 /* QuestionView.swift */ = {isa = PBXFileReference; lastKnownFileType = sourcecode.swift; path = QuestionView.swift; sourceTree = "<group>"; };
		2727B123252763C1000E85D2 /* AnswerView.swift */ = {isa = PBXFileReference; lastKnownFileType = sourcecode.swift; path = AnswerView.swift; sourceTree = "<group>"; };
		2727B128252763D0000E85D2 /* TimerView.swift */ = {isa = PBXFileReference; lastKnownFileType = sourcecode.swift; path = TimerView.swift; sourceTree = "<group>"; };
		2741025525276746000958D8 /* CategoryViewController.swift */ = {isa = PBXFileReference; lastKnownFileType = sourcecode.swift; path = CategoryViewController.swift; sourceTree = "<group>"; };
		2741025A25276783000958D8 /* QuestionViewController.swift */ = {isa = PBXFileReference; lastKnownFileType = sourcecode.swift; path = QuestionViewController.swift; sourceTree = "<group>"; };
		2741025F252767C2000958D8 /* TriviaNavigationController.swift */ = {isa = PBXFileReference; lastKnownFileType = sourcecode.swift; path = TriviaNavigationController.swift; sourceTree = "<group>"; };
		2741026725276E90000958D8 /* CategoryDataResult.swift */ = {isa = PBXFileReference; lastKnownFileType = sourcecode.swift; path = CategoryDataResult.swift; sourceTree = "<group>"; };
		2749F7E72527D29800380291 /* ResultsViewController.swift */ = {isa = PBXFileReference; lastKnownFileType = sourcecode.swift; path = ResultsViewController.swift; sourceTree = "<group>"; };
		2749F7EC2528B4C200380291 /* Answer.swift */ = {isa = PBXFileReference; lastKnownFileType = sourcecode.swift; path = Answer.swift; sourceTree = "<group>"; };
		2749F7F42528CA9C00380291 /* Result.swift */ = {isa = PBXFileReference; lastKnownFileType = sourcecode.swift; path = Result.swift; sourceTree = "<group>"; };
		2749F7FA2528CDBC00380291 /* ResultDetailsViewController.swift */ = {isa = PBXFileReference; lastKnownFileType = sourcecode.swift; path = ResultDetailsViewController.swift; sourceTree = "<group>"; };
/* End PBXFileReference section */

/* Begin PBXFrameworksBuildPhase section */
		2727B0932526432F000E85D2 /* Frameworks */ = {
			isa = PBXFrameworksBuildPhase;
			buildActionMask = 2147483647;
			files = (
			);
			runOnlyForDeploymentPostprocessing = 0;
		};
		2727B0A925264331000E85D2 /* Frameworks */ = {
			isa = PBXFrameworksBuildPhase;
			buildActionMask = 2147483647;
			files = (
			);
			runOnlyForDeploymentPostprocessing = 0;
		};
		2727B0B425264331000E85D2 /* Frameworks */ = {
			isa = PBXFrameworksBuildPhase;
			buildActionMask = 2147483647;
			files = (
			);
			runOnlyForDeploymentPostprocessing = 0;
		};
/* End PBXFrameworksBuildPhase section */

/* Begin PBXGroup section */
		2727B08D2526432F000E85D2 = {
			isa = PBXGroup;
			children = (
				2727B0982526432F000E85D2 /* QuizApp */,
				2727B0AF25264331000E85D2 /* QuizAppTests */,
				2727B0BA25264331000E85D2 /* QuizAppUITests */,
				2727B0972526432F000E85D2 /* Products */,
			);
			sourceTree = "<group>";
		};
		2727B0972526432F000E85D2 /* Products */ = {
			isa = PBXGroup;
			children = (
				2727B0962526432F000E85D2 /* QuizApp.app */,
				2727B0AC25264331000E85D2 /* QuizAppTests.xctest */,
				2727B0B725264331000E85D2 /* QuizAppUITests.xctest */,
			);
			name = Products;
			sourceTree = "<group>";
		};
		2727B0982526432F000E85D2 /* QuizApp */ = {
			isa = PBXGroup;
			children = (
				2727B0DE25264A00000E85D2 /* Models */,
				2727B0DF25264A07000E85D2 /* Views */,
				2727B0E025264A0C000E85D2 /* Controllers */,
				2727B0E125264A12000E85D2 /* Supporting Files */,
				2727B09F2526432F000E85D2 /* Main.storyboard */,
				2727B0A425264331000E85D2 /* LaunchScreen.storyboard */,
			);
			path = QuizApp;
			sourceTree = "<group>";
		};
		2727B0AF25264331000E85D2 /* QuizAppTests */ = {
			isa = PBXGroup;
			children = (
				2727B0B025264331000E85D2 /* QuizAppTests.swift */,
				2727B0B225264331000E85D2 /* Info.plist */,
			);
			path = QuizAppTests;
			sourceTree = "<group>";
		};
		2727B0BA25264331000E85D2 /* QuizAppUITests */ = {
			isa = PBXGroup;
			children = (
				2727B0BB25264331000E85D2 /* QuizAppUITests.swift */,
				2727B0BD25264331000E85D2 /* Info.plist */,
			);
			path = QuizAppUITests;
			sourceTree = "<group>";
		};
		2727B0DE25264A00000E85D2 /* Models */ = {
			isa = PBXGroup;
			children = (
				2727B0E825264A77000E85D2 /* Category.swift */,
				2727B0F225264B33000E85D2 /* Difficulty.swift */,
				2727B0ED25264AF6000E85D2 /* Question.swift */,
				2749F7EC2528B4C200380291 /* Answer.swift */,
				2749F7F42528CA9C00380291 /* Result.swift */,
				2727B0F725264BC7000E85D2 /* QuestionType.swift */,
				2727B0FC25264C09000E85D2 /* ResponseCode.swift */,
				2727B11925267E0D000E85D2 /* DataResult.swift */,
				2741026725276E90000958D8 /* CategoryDataResult.swift */,
				2727B101252652E6000E85D2 /* Token.swift */,
			);
			path = Models;
			sourceTree = "<group>";
		};
		2727B0DF25264A07000E85D2 /* Views */ = {
			isa = PBXGroup;
			children = (
				2727B13B25276408000E85D2 /* Question */,
			);
			path = Views;
			sourceTree = "<group>";
		};
		2727B0E025264A0C000E85D2 /* Controllers */ = {
			isa = PBXGroup;
			children = (
				27CF1C95252797890022F9AB /* Network */,
				27CF1C94252797840022F9AB /* View */,
			);
			path = Controllers;
			sourceTree = "<group>";
		};
		2727B0E125264A12000E85D2 /* Supporting Files */ = {
			isa = PBXGroup;
			children = (
				2727B0992526432F000E85D2 /* AppDelegate.swift */,
				2727B0A225264331000E85D2 /* Assets.xcassets */,
				2727B0A725264331000E85D2 /* Info.plist */,
			);
			path = "Supporting Files";
			sourceTree = "<group>";
		};
		2727B13B25276408000E85D2 /* Question */ = {
			isa = PBXGroup;
			children = (
				2727B11E252763B7000E85D2 /* QuestionView.swift */,
				2727B123252763C1000E85D2 /* AnswerView.swift */,
				2727B128252763D0000E85D2 /* TimerView.swift */,
			);
			path = Question;
			sourceTree = "<group>";
		};
		27CF1C94252797840022F9AB /* View */ = {
			isa = PBXGroup;
			children = (
				2741025525276746000958D8 /* CategoryViewController.swift */,
				2741025A25276783000958D8 /* QuestionViewController.swift */,
				2741025F252767C2000958D8 /* TriviaNavigationController.swift */,
				2749F7E72527D29800380291 /* ResultsViewController.swift */,
				2749F7FA2528CDBC00380291 /* ResultDetailsViewController.swift */,
			);
			path = View;
			sourceTree = "<group>";
		};
		27CF1C95252797890022F9AB /* Network */ = {
			isa = PBXGroup;
			children = (
				2727B106252653CC000E85D2 /* NetworkController.swift */,
			);
			path = Network;
			sourceTree = "<group>";
		};
/* End PBXGroup section */

/* Begin PBXNativeTarget section */
		2727B0952526432F000E85D2 /* QuizApp */ = {
			isa = PBXNativeTarget;
			buildConfigurationList = 2727B0C025264331000E85D2 /* Build configuration list for PBXNativeTarget "QuizApp" */;
			buildPhases = (
				2727B0922526432F000E85D2 /* Sources */,
				2727B0932526432F000E85D2 /* Frameworks */,
				2727B0942526432F000E85D2 /* Resources */,
			);
			buildRules = (
			);
			dependencies = (
			);
			name = QuizApp;
			productName = QuizApp;
			productReference = 2727B0962526432F000E85D2 /* QuizApp.app */;
			productType = "com.apple.product-type.application";
		};
		2727B0AB25264331000E85D2 /* QuizAppTests */ = {
			isa = PBXNativeTarget;
			buildConfigurationList = 2727B0C325264331000E85D2 /* Build configuration list for PBXNativeTarget "QuizAppTests" */;
			buildPhases = (
				2727B0A825264331000E85D2 /* Sources */,
				2727B0A925264331000E85D2 /* Frameworks */,
				2727B0AA25264331000E85D2 /* Resources */,
			);
			buildRules = (
			);
			dependencies = (
				2727B0AE25264331000E85D2 /* PBXTargetDependency */,
			);
			name = QuizAppTests;
			productName = QuizAppTests;
			productReference = 2727B0AC25264331000E85D2 /* QuizAppTests.xctest */;
			productType = "com.apple.product-type.bundle.unit-test";
		};
		2727B0B625264331000E85D2 /* QuizAppUITests */ = {
			isa = PBXNativeTarget;
			buildConfigurationList = 2727B0C625264331000E85D2 /* Build configuration list for PBXNativeTarget "QuizAppUITests" */;
			buildPhases = (
				2727B0B325264331000E85D2 /* Sources */,
				2727B0B425264331000E85D2 /* Frameworks */,
				2727B0B525264331000E85D2 /* Resources */,
			);
			buildRules = (
			);
			dependencies = (
				2727B0B925264331000E85D2 /* PBXTargetDependency */,
			);
			name = QuizAppUITests;
			productName = QuizAppUITests;
			productReference = 2727B0B725264331000E85D2 /* QuizAppUITests.xctest */;
			productType = "com.apple.product-type.bundle.ui-testing";
		};
/* End PBXNativeTarget section */

/* Begin PBXProject section */
		2727B08E2526432F000E85D2 /* Project object */ = {
			isa = PBXProject;
			attributes = {
				LastSwiftUpdateCheck = 1200;
				LastUpgradeCheck = 1200;
				TargetAttributes = {
					2727B0952526432F000E85D2 = {
						CreatedOnToolsVersion = 12.0.1;
					};
					2727B0AB25264331000E85D2 = {
						CreatedOnToolsVersion = 12.0.1;
						TestTargetID = 2727B0952526432F000E85D2;
					};
					2727B0B625264331000E85D2 = {
						CreatedOnToolsVersion = 12.0.1;
						TestTargetID = 2727B0952526432F000E85D2;
					};
				};
			};
			buildConfigurationList = 2727B0912526432F000E85D2 /* Build configuration list for PBXProject "QuizApp" */;
			compatibilityVersion = "Xcode 9.3";
			developmentRegion = en;
			hasScannedForEncodings = 0;
			knownRegions = (
				en,
				Base,
			);
			mainGroup = 2727B08D2526432F000E85D2;
			productRefGroup = 2727B0972526432F000E85D2 /* Products */;
			projectDirPath = "";
			projectRoot = "";
			targets = (
				2727B0952526432F000E85D2 /* QuizApp */,
				2727B0AB25264331000E85D2 /* QuizAppTests */,
				2727B0B625264331000E85D2 /* QuizAppUITests */,
			);
		};
/* End PBXProject section */

/* Begin PBXResourcesBuildPhase section */
		2727B0942526432F000E85D2 /* Resources */ = {
			isa = PBXResourcesBuildPhase;
			buildActionMask = 2147483647;
			files = (
				2727B0A625264331000E85D2 /* LaunchScreen.storyboard in Resources */,
				2727B0A325264331000E85D2 /* Assets.xcassets in Resources */,
				2727B0A12526432F000E85D2 /* Main.storyboard in Resources */,
			);
			runOnlyForDeploymentPostprocessing = 0;
		};
		2727B0AA25264331000E85D2 /* Resources */ = {
			isa = PBXResourcesBuildPhase;
			buildActionMask = 2147483647;
			files = (
			);
			runOnlyForDeploymentPostprocessing = 0;
		};
		2727B0B525264331000E85D2 /* Resources */ = {
			isa = PBXResourcesBuildPhase;
			buildActionMask = 2147483647;
			files = (
			);
			runOnlyForDeploymentPostprocessing = 0;
		};
/* End PBXResourcesBuildPhase section */

/* Begin PBXSourcesBuildPhase section */
		2727B0922526432F000E85D2 /* Sources */ = {
			isa = PBXSourcesBuildPhase;
			buildActionMask = 2147483647;
			files = (
				2727B0FD25264C09000E85D2 /* ResponseCode.swift in Sources */,
				2727B124252763C1000E85D2 /* AnswerView.swift in Sources */,
				2727B0F825264BC7000E85D2 /* QuestionType.swift in Sources */,
				2749F7FB2528CDBC00380291 /* ResultDetailsViewController.swift in Sources */,
				2741026825276E90000958D8 /* CategoryDataResult.swift in Sources */,
				2727B0EE25264AF6000E85D2 /* Question.swift in Sources */,
				2727B129252763D0000E85D2 /* TimerView.swift in Sources */,
				2749F7F52528CA9C00380291 /* Result.swift in Sources */,
				2727B0F325264B33000E85D2 /* Difficulty.swift in Sources */,
				27410260252767C2000958D8 /* TriviaNavigationController.swift in Sources */,
				2749F7E82527D29800380291 /* ResultsViewController.swift in Sources */,
				2727B09A2526432F000E85D2 /* AppDelegate.swift in Sources */,
				2727B0E925264A77000E85D2 /* Category.swift in Sources */,
				2727B11F252763B7000E85D2 /* QuestionView.swift in Sources */,
				2741025625276746000958D8 /* CategoryViewController.swift in Sources */,
				2727B102252652E6000E85D2 /* Token.swift in Sources */,
				2749F7ED2528B4C200380291 /* Answer.swift in Sources */,
				2727B11A25267E0D000E85D2 /* DataResult.swift in Sources */,
				2741025B25276783000958D8 /* QuestionViewController.swift in Sources */,
				2727B107252653CC000E85D2 /* NetworkController.swift in Sources */,
			);
			runOnlyForDeploymentPostprocessing = 0;
		};
		2727B0A825264331000E85D2 /* Sources */ = {
			isa = PBXSourcesBuildPhase;
			buildActionMask = 2147483647;
			files = (
				2727B0B125264331000E85D2 /* QuizAppTests.swift in Sources */,
			);
			runOnlyForDeploymentPostprocessing = 0;
		};
		2727B0B325264331000E85D2 /* Sources */ = {
			isa = PBXSourcesBuildPhase;
			buildActionMask = 2147483647;
			files = (
				2727B0BC25264331000E85D2 /* QuizAppUITests.swift in Sources */,
			);
			runOnlyForDeploymentPostprocessing = 0;
		};
/* End PBXSourcesBuildPhase section */

/* Begin PBXTargetDependency section */
		2727B0AE25264331000E85D2 /* PBXTargetDependency */ = {
			isa = PBXTargetDependency;
			target = 2727B0952526432F000E85D2 /* QuizApp */;
			targetProxy = 2727B0AD25264331000E85D2 /* PBXContainerItemProxy */;
		};
		2727B0B925264331000E85D2 /* PBXTargetDependency */ = {
			isa = PBXTargetDependency;
			target = 2727B0952526432F000E85D2 /* QuizApp */;
			targetProxy = 2727B0B825264331000E85D2 /* PBXContainerItemProxy */;
		};
/* End PBXTargetDependency section */

/* Begin PBXVariantGroup section */
		2727B09F2526432F000E85D2 /* Main.storyboard */ = {
			isa = PBXVariantGroup;
			children = (
				2727B0A02526432F000E85D2 /* Base */,
			);
			name = Main.storyboard;
			sourceTree = "<group>";
		};
		2727B0A425264331000E85D2 /* LaunchScreen.storyboard */ = {
			isa = PBXVariantGroup;
			children = (
				2727B0A525264331000E85D2 /* Base */,
			);
			name = LaunchScreen.storyboard;
			sourceTree = "<group>";
		};
/* End PBXVariantGroup section */

/* Begin XCBuildConfiguration section */
		2727B0BE25264331000E85D2 /* Debug */ = {
			isa = XCBuildConfiguration;
			buildSettings = {
				ALWAYS_SEARCH_USER_PATHS = NO;
				CLANG_ANALYZER_NONNULL = YES;
				CLANG_ANALYZER_NUMBER_OBJECT_CONVERSION = YES_AGGRESSIVE;
				CLANG_CXX_LANGUAGE_STANDARD = "gnu++14";
				CLANG_CXX_LIBRARY = "libc++";
				CLANG_ENABLE_MODULES = YES;
				CLANG_ENABLE_OBJC_ARC = YES;
				CLANG_ENABLE_OBJC_WEAK = YES;
				CLANG_WARN_BLOCK_CAPTURE_AUTORELEASING = YES;
				CLANG_WARN_BOOL_CONVERSION = YES;
				CLANG_WARN_COMMA = YES;
				CLANG_WARN_CONSTANT_CONVERSION = YES;
				CLANG_WARN_DEPRECATED_OBJC_IMPLEMENTATIONS = YES;
				CLANG_WARN_DIRECT_OBJC_ISA_USAGE = YES_ERROR;
				CLANG_WARN_DOCUMENTATION_COMMENTS = YES;
				CLANG_WARN_EMPTY_BODY = YES;
				CLANG_WARN_ENUM_CONVERSION = YES;
				CLANG_WARN_INFINITE_RECURSION = YES;
				CLANG_WARN_INT_CONVERSION = YES;
				CLANG_WARN_NON_LITERAL_NULL_CONVERSION = YES;
				CLANG_WARN_OBJC_IMPLICIT_RETAIN_SELF = YES;
				CLANG_WARN_OBJC_LITERAL_CONVERSION = YES;
				CLANG_WARN_OBJC_ROOT_CLASS = YES_ERROR;
				CLANG_WARN_QUOTED_INCLUDE_IN_FRAMEWORK_HEADER = YES;
				CLANG_WARN_RANGE_LOOP_ANALYSIS = YES;
				CLANG_WARN_STRICT_PROTOTYPES = YES;
				CLANG_WARN_SUSPICIOUS_MOVE = YES;
				CLANG_WARN_UNGUARDED_AVAILABILITY = YES_AGGRESSIVE;
				CLANG_WARN_UNREACHABLE_CODE = YES;
				CLANG_WARN__DUPLICATE_METHOD_MATCH = YES;
				COPY_PHASE_STRIP = NO;
				DEBUG_INFORMATION_FORMAT = dwarf;
				ENABLE_STRICT_OBJC_MSGSEND = YES;
				ENABLE_TESTABILITY = YES;
				GCC_C_LANGUAGE_STANDARD = gnu11;
				GCC_DYNAMIC_NO_PIC = NO;
				GCC_NO_COMMON_BLOCKS = YES;
				GCC_OPTIMIZATION_LEVEL = 0;
				GCC_PREPROCESSOR_DEFINITIONS = (
					"DEBUG=1",
					"$(inherited)",
				);
				GCC_WARN_64_TO_32_BIT_CONVERSION = YES;
				GCC_WARN_ABOUT_RETURN_TYPE = YES_ERROR;
				GCC_WARN_UNDECLARED_SELECTOR = YES;
				GCC_WARN_UNINITIALIZED_AUTOS = YES_AGGRESSIVE;
				GCC_WARN_UNUSED_FUNCTION = YES;
				GCC_WARN_UNUSED_VARIABLE = YES;
				IPHONEOS_DEPLOYMENT_TARGET = 12.0;
				MTL_ENABLE_DEBUG_INFO = INCLUDE_SOURCE;
				MTL_FAST_MATH = YES;
				ONLY_ACTIVE_ARCH = YES;
				SDKROOT = iphoneos;
				SWIFT_ACTIVE_COMPILATION_CONDITIONS = DEBUG;
				SWIFT_OPTIMIZATION_LEVEL = "-Onone";
			};
			name = Debug;
		};
		2727B0BF25264331000E85D2 /* Release */ = {
			isa = XCBuildConfiguration;
			buildSettings = {
				ALWAYS_SEARCH_USER_PATHS = NO;
				CLANG_ANALYZER_NONNULL = YES;
				CLANG_ANALYZER_NUMBER_OBJECT_CONVERSION = YES_AGGRESSIVE;
				CLANG_CXX_LANGUAGE_STANDARD = "gnu++14";
				CLANG_CXX_LIBRARY = "libc++";
				CLANG_ENABLE_MODULES = YES;
				CLANG_ENABLE_OBJC_ARC = YES;
				CLANG_ENABLE_OBJC_WEAK = YES;
				CLANG_WARN_BLOCK_CAPTURE_AUTORELEASING = YES;
				CLANG_WARN_BOOL_CONVERSION = YES;
				CLANG_WARN_COMMA = YES;
				CLANG_WARN_CONSTANT_CONVERSION = YES;
				CLANG_WARN_DEPRECATED_OBJC_IMPLEMENTATIONS = YES;
				CLANG_WARN_DIRECT_OBJC_ISA_USAGE = YES_ERROR;
				CLANG_WARN_DOCUMENTATION_COMMENTS = YES;
				CLANG_WARN_EMPTY_BODY = YES;
				CLANG_WARN_ENUM_CONVERSION = YES;
				CLANG_WARN_INFINITE_RECURSION = YES;
				CLANG_WARN_INT_CONVERSION = YES;
				CLANG_WARN_NON_LITERAL_NULL_CONVERSION = YES;
				CLANG_WARN_OBJC_IMPLICIT_RETAIN_SELF = YES;
				CLANG_WARN_OBJC_LITERAL_CONVERSION = YES;
				CLANG_WARN_OBJC_ROOT_CLASS = YES_ERROR;
				CLANG_WARN_QUOTED_INCLUDE_IN_FRAMEWORK_HEADER = YES;
				CLANG_WARN_RANGE_LOOP_ANALYSIS = YES;
				CLANG_WARN_STRICT_PROTOTYPES = YES;
				CLANG_WARN_SUSPICIOUS_MOVE = YES;
				CLANG_WARN_UNGUARDED_AVAILABILITY = YES_AGGRESSIVE;
				CLANG_WARN_UNREACHABLE_CODE = YES;
				CLANG_WARN__DUPLICATE_METHOD_MATCH = YES;
				COPY_PHASE_STRIP = NO;
				DEBUG_INFORMATION_FORMAT = "dwarf-with-dsym";
				ENABLE_NS_ASSERTIONS = NO;
				ENABLE_STRICT_OBJC_MSGSEND = YES;
				GCC_C_LANGUAGE_STANDARD = gnu11;
				GCC_NO_COMMON_BLOCKS = YES;
				GCC_WARN_64_TO_32_BIT_CONVERSION = YES;
				GCC_WARN_ABOUT_RETURN_TYPE = YES_ERROR;
				GCC_WARN_UNDECLARED_SELECTOR = YES;
				GCC_WARN_UNINITIALIZED_AUTOS = YES_AGGRESSIVE;
				GCC_WARN_UNUSED_FUNCTION = YES;
				GCC_WARN_UNUSED_VARIABLE = YES;
				IPHONEOS_DEPLOYMENT_TARGET = 12.0;
				MTL_ENABLE_DEBUG_INFO = NO;
				MTL_FAST_MATH = YES;
				SDKROOT = iphoneos;
				SWIFT_COMPILATION_MODE = wholemodule;
				SWIFT_OPTIMIZATION_LEVEL = "-O";
				VALIDATE_PRODUCT = YES;
			};
			name = Release;
		};
		2727B0C125264331000E85D2 /* Debug */ = {
			isa = XCBuildConfiguration;
			buildSettings = {
				ASSETCATALOG_COMPILER_APPICON_NAME = AppIcon;
				ASSETCATALOG_COMPILER_GLOBAL_ACCENT_COLOR_NAME = AccentColor;
				CODE_SIGN_IDENTITY = "Apple Development";
				CODE_SIGN_STYLE = Automatic;
				DEVELOPMENT_TEAM = NTZ378Q4WS;
				INFOPLIST_FILE = "$(SRCROOT)/QuizApp/Supporting Files/Info.plist";
				LD_RUNPATH_SEARCH_PATHS = (
					"$(inherited)",
					"@executable_path/Frameworks",
				);
				PRODUCT_BUNDLE_IDENTIFIER = dev.mikestoltman.QuizApp;
				PRODUCT_NAME = "$(TARGET_NAME)";
				PROVISIONING_PROFILE_SPECIFIER = "";
				SWIFT_VERSION = 5.0;
				TARGETED_DEVICE_FAMILY = 1;
			};
			name = Debug;
		};
		2727B0C225264331000E85D2 /* Release */ = {
			isa = XCBuildConfiguration;
			buildSettings = {
				ASSETCATALOG_COMPILER_APPICON_NAME = AppIcon;
				ASSETCATALOG_COMPILER_GLOBAL_ACCENT_COLOR_NAME = AccentColor;
				CODE_SIGN_IDENTITY = "Apple Development";
				CODE_SIGN_STYLE = Automatic;
				DEVELOPMENT_TEAM = NTZ378Q4WS;
				INFOPLIST_FILE = "$(SRCROOT)/QuizApp/Supporting Files/Info.plist";
				LD_RUNPATH_SEARCH_PATHS = (
					"$(inherited)",
					"@executable_path/Frameworks",
				);
				PRODUCT_BUNDLE_IDENTIFIER = dev.mikestoltman.QuizApp;
				PRODUCT_NAME = "$(TARGET_NAME)";
				PROVISIONING_PROFILE_SPECIFIER = "";
				SWIFT_VERSION = 5.0;
				TARGETED_DEVICE_FAMILY = 1;
			};
			name = Release;
		};
		2727B0C425264331000E85D2 /* Debug */ = {
			isa = XCBuildConfiguration;
			buildSettings = {
				ALWAYS_EMBED_SWIFT_STANDARD_LIBRARIES = YES;
				BUNDLE_LOADER = "$(TEST_HOST)";
				CODE_SIGN_STYLE = Automatic;
				DEVELOPMENT_TEAM = 47SGTQ4VZ2;
				INFOPLIST_FILE = QuizAppTests/Info.plist;
				IPHONEOS_DEPLOYMENT_TARGET = 14.0;
				LD_RUNPATH_SEARCH_PATHS = (
					"$(inherited)",
					"@executable_path/Frameworks",
					"@loader_path/Frameworks",
				);
				PRODUCT_BUNDLE_IDENTIFIER = dev.mikestoltman.QuizAppTests;
				PRODUCT_NAME = "$(TARGET_NAME)";
				SWIFT_VERSION = 5.0;
				TARGETED_DEVICE_FAMILY = "1,2";
				TEST_HOST = "$(BUILT_PRODUCTS_DIR)/QuizApp.app/QuizApp";
			};
			name = Debug;
		};
		2727B0C525264331000E85D2 /* Release */ = {
			isa = XCBuildConfiguration;
			buildSettings = {
				ALWAYS_EMBED_SWIFT_STANDARD_LIBRARIES = YES;
				BUNDLE_LOADER = "$(TEST_HOST)";
				CODE_SIGN_STYLE = Automatic;
				DEVELOPMENT_TEAM = 47SGTQ4VZ2;
				INFOPLIST_FILE = QuizAppTests/Info.plist;
				IPHONEOS_DEPLOYMENT_TARGET = 14.0;
				LD_RUNPATH_SEARCH_PATHS = (
					"$(inherited)",
					"@executable_path/Frameworks",
					"@loader_path/Frameworks",
				);
				PRODUCT_BUNDLE_IDENTIFIER = dev.mikestoltman.QuizAppTests;
				PRODUCT_NAME = "$(TARGET_NAME)";
				SWIFT_VERSION = 5.0;
				TARGETED_DEVICE_FAMILY = "1,2";
				TEST_HOST = "$(BUILT_PRODUCTS_DIR)/QuizApp.app/QuizApp";
			};
			name = Release;
		};
		2727B0C725264331000E85D2 /* Debug */ = {
			isa = XCBuildConfiguration;
			buildSettings = {
				ALWAYS_EMBED_SWIFT_STANDARD_LIBRARIES = YES;
				CODE_SIGN_STYLE = Automatic;
				DEVELOPMENT_TEAM = 47SGTQ4VZ2;
				INFOPLIST_FILE = QuizAppUITests/Info.plist;
				LD_RUNPATH_SEARCH_PATHS = (
					"$(inherited)",
					"@executable_path/Frameworks",
					"@loader_path/Frameworks",
				);
				PRODUCT_BUNDLE_IDENTIFIER = dev.mikestoltman.QuizAppUITests;
				PRODUCT_NAME = "$(TARGET_NAME)";
				SWIFT_VERSION = 5.0;
				TARGETED_DEVICE_FAMILY = "1,2";
				TEST_TARGET_NAME = QuizApp;
			};
			name = Debug;
		};
		2727B0C825264331000E85D2 /* Release */ = {
			isa = XCBuildConfiguration;
			buildSettings = {
				ALWAYS_EMBED_SWIFT_STANDARD_LIBRARIES = YES;
				CODE_SIGN_STYLE = Automatic;
				DEVELOPMENT_TEAM = 47SGTQ4VZ2;
				INFOPLIST_FILE = QuizAppUITests/Info.plist;
				LD_RUNPATH_SEARCH_PATHS = (
					"$(inherited)",
					"@executable_path/Frameworks",
					"@loader_path/Frameworks",
				);
				PRODUCT_BUNDLE_IDENTIFIER = dev.mikestoltman.QuizAppUITests;
				PRODUCT_NAME = "$(TARGET_NAME)";
				SWIFT_VERSION = 5.0;
				TARGETED_DEVICE_FAMILY = "1,2";
				TEST_TARGET_NAME = QuizApp;
			};
			name = Release;
		};
/* End XCBuildConfiguration section */

/* Begin XCConfigurationList section */
		2727B0912526432F000E85D2 /* Build configuration list for PBXProject "QuizApp" */ = {
			isa = XCConfigurationList;
			buildConfigurations = (
				2727B0BE25264331000E85D2 /* Debug */,
				2727B0BF25264331000E85D2 /* Release */,
			);
			defaultConfigurationIsVisible = 0;
			defaultConfigurationName = Release;
		};
		2727B0C025264331000E85D2 /* Build configuration list for PBXNativeTarget "QuizApp" */ = {
			isa = XCConfigurationList;
			buildConfigurations = (
				2727B0C125264331000E85D2 /* Debug */,
				2727B0C225264331000E85D2 /* Release */,
			);
			defaultConfigurationIsVisible = 0;
			defaultConfigurationName = Release;
		};
		2727B0C325264331000E85D2 /* Build configuration list for PBXNativeTarget "QuizAppTests" */ = {
			isa = XCConfigurationList;
			buildConfigurations = (
				2727B0C425264331000E85D2 /* Debug */,
				2727B0C525264331000E85D2 /* Release */,
			);
			defaultConfigurationIsVisible = 0;
			defaultConfigurationName = Release;
		};
		2727B0C625264331000E85D2 /* Build configuration list for PBXNativeTarget "QuizAppUITests" */ = {
			isa = XCConfigurationList;
			buildConfigurations = (
				2727B0C725264331000E85D2 /* Debug */,
				2727B0C825264331000E85D2 /* Release */,
			);
			defaultConfigurationIsVisible = 0;
			defaultConfigurationName = Release;
		};
/* End XCConfigurationList section */
	};
	rootObject = 2727B08E2526432F000E85D2 /* Project object */;
}
